{
  "originHash" : "b6739a6a3521153f2c31cb5512712e339fb321bc682bc01560f372d008445e52",
  "pins" : [
    {
      "identity" : "swift-issue-reporting",
      "kind" : "remoteSourceControl",
      "location" : "https://github.com/pointfreeco/swift-issue-reporting.git",
      "state" : {
        "revision" : "dfd70507def84cb5fb821278448a262c6ff2bbad",
        "version" : "1.9.0"
      }
    },
    {
      "identity" : "swift-syntax",
      "kind" : "remoteSourceControl",
      "location" : "https://github.com/swiftlang/swift-syntax.git",
      "state" : {
        "revision" : "f99ae8aa18f0cf0d53481901f88a0991dc3bd4a2",
        "version" : "601.0.1"
      }
    },
    {
      "identity" : "valueobservation",
      "kind" : "remoteSourceControl",
      "location" : "https://github.com/JohnDemirci/ValueObservation.git",
      "state" : {
        "revision" : "8876185091d4da0d3aa0b4ffd6c9983d348dde26",
        "version" : "1.0.3"
      }
    }
  ],
  "version" : 3
}
