{
  "originHash" : "71ab7f2a8f4f8b5950cb86d4b68654bae927a8b14d893cf0ff62c7e4b7a39250",
  "pins" : [
    {
      "identity" : "swift-syntax",
      "kind" : "remoteSourceControl",
      "location" : "https://github.com/swiftlang/swift-syntax.git",
      "state" : {
        "revision" : "f99ae8aa18f0cf0d53481901f88a0991dc3bd4a2",
        "version" : "601.0.1"
      }
    },
    {
      "identity" : "valueobservation",
      "kind" : "remoteSourceControl",
      "location" : "https://github.com/JohnDemirci/ValueObservation.git",
      "state" : {
        "revision" : "8876185091d4da0d3aa0b4ffd6c9983d348dde26",
        "version" : "1.0.3"
      }
    },
    {
      "identity" : "xctest-dynamic-overlay",
      "kind" : "remoteSourceControl",
      "location" : "https://github.com/pointfreeco/xctest-dynamic-overlay",
      "state" : {
        "revision" : "dfd70507def84cb5fb821278448a262c6ff2bbad",
        "version" : "1.9.0"
      }
    }
  ],
  "version" : 3
}
